
Microsoft Visual Studio Solution File, Format Version 12.00
# Visual Studio Version 16
VisualStudioVersion = 16.0.30804.86
MinimumVisualStudioVersion = 10.0.40219.1
Project("{9A19103F-16F7-4668-BE54-9A1E7A4F7556}") = "TocTiny", "TocTiny\TocTiny.csproj", "{5F0FCC42-0ED6-4FDD-A9FD-83A31B4AD946}"
EndProject
Project("{FAE04EC0-301F-11D3-BF4B-00C04F79EFBC}") = "TocTinyWPF", "TocTinyWPF\TocTinyWPF.csproj", "{E6572AB6-B9FA-4D0A-93DD-0E7861911C94}"
EndProject
Project("{FAE04EC0-301F-11D3-BF4B-00C04F79EFBC}") = "TocPackage", "TocPackage\TocPackage.csproj", "{0A11021A-623A-4339-A3EC-49A324F910C7}"
EndProject
Project("{FAE04EC0-301F-11D3-BF4B-00C04F79EFBC}") = "TocTinyWUI3", "TocTinyWUI3\TocTinyWUI3.csproj", "{E27D1754-13FA-421F-AD56-7EB2EFFA7BB2}"
EndProject
Global
	GlobalSection(SharedMSBuildProjectFiles) = preSolution
		TOCCommon\TOCCommon.projitems*{5f0fcc42-0ed6-4fdd-a9fd-83a31b4ad946}*SharedItemsImports = 5
	EndGlobalSection
	GlobalSection(SolutionConfigurationPlatforms) = preSolution
		Debug|Any CPU = Debug|Any CPU
		Debug|ARM = Debug|ARM
		Debug|ARM64 = Debug|ARM64
		Debug|x64 = Debug|x64
		Debug|x86 = Debug|x86
		Release|Any CPU = Release|Any CPU
		Release|ARM = Release|ARM
		Release|ARM64 = Release|ARM64
		Release|x64 = Release|x64
		Release|x86 = Release|x86
	EndGlobalSection
	GlobalSection(ProjectConfigurationPlatforms) = postSolution
		{5F0FCC42-0ED6-4FDD-A9FD-83A31B4AD946}.Debug|Any CPU.ActiveCfg = Debug|Any CPU
		{5F0FCC42-0ED6-4FDD-A9FD-83A31B4AD946}.Debug|Any CPU.Build.0 = Debug|Any CPU
		{5F0FCC42-0ED6-4FDD-A9FD-83A31B4AD946}.Debug|ARM.ActiveCfg = Debug|Any CPU
		{5F0FCC42-0ED6-4FDD-A9FD-83A31B4AD946}.Debug|ARM.Build.0 = Debug|Any CPU
		{5F0FCC42-0ED6-4FDD-A9FD-83A31B4AD946}.Debug|ARM64.ActiveCfg = Debug|Any CPU
		{5F0FCC42-0ED6-4FDD-A9FD-83A31B4AD946}.Debug|ARM64.Build.0 = Debug|Any CPU
		{5F0FCC42-0ED6-4FDD-A9FD-83A31B4AD946}.Debug|x64.ActiveCfg = Debug|Any CPU
		{5F0FCC42-0ED6-4FDD-A9FD-83A31B4AD946}.Debug|x64.Build.0 = Debug|Any CPU
		{5F0FCC42-0ED6-4FDD-A9FD-83A31B4AD946}.Debug|x86.ActiveCfg = Debug|Any CPU
		{5F0FCC42-0ED6-4FDD-A9FD-83A31B4AD946}.Debug|x86.Build.0 = Debug|Any CPU
		{5F0FCC42-0ED6-4FDD-A9FD-83A31B4AD946}.Release|Any CPU.ActiveCfg = Release|Any CPU
		{5F0FCC42-0ED6-4FDD-A9FD-83A31B4AD946}.Release|Any CPU.Build.0 = Release|Any CPU
		{5F0FCC42-0ED6-4FDD-A9FD-83A31B4AD946}.Release|ARM.ActiveCfg = Release|Any CPU
		{5F0FCC42-0ED6-4FDD-A9FD-83A31B4AD946}.Release|ARM.Build.0 = Release|Any CPU
		{5F0FCC42-0ED6-4FDD-A9FD-83A31B4AD946}.Release|ARM64.ActiveCfg = Release|Any CPU
		{5F0FCC42-0ED6-4FDD-A9FD-83A31B4AD946}.Release|ARM64.Build.0 = Release|Any CPU
		{5F0FCC42-0ED6-4FDD-A9FD-83A31B4AD946}.Release|x64.ActiveCfg = Release|Any CPU
		{5F0FCC42-0ED6-4FDD-A9FD-83A31B4AD946}.Release|x64.Build.0 = Release|Any CPU
		{5F0FCC42-0ED6-4FDD-A9FD-83A31B4AD946}.Release|x86.ActiveCfg = Release|Any CPU
		{5F0FCC42-0ED6-4FDD-A9FD-83A31B4AD946}.Release|x86.Build.0 = Release|Any CPU
		{E6572AB6-B9FA-4D0A-93DD-0E7861911C94}.Debug|Any CPU.ActiveCfg = Debug|Any CPU
		{E6572AB6-B9FA-4D0A-93DD-0E7861911C94}.Debug|Any CPU.Build.0 = Debug|Any CPU
		{E6572AB6-B9FA-4D0A-93DD-0E7861911C94}.Debug|ARM.ActiveCfg = Debug|Any CPU
		{E6572AB6-B9FA-4D0A-93DD-0E7861911C94}.Debug|ARM.Build.0 = Debug|Any CPU
		{E6572AB6-B9FA-4D0A-93DD-0E7861911C94}.Debug|ARM64.ActiveCfg = Debug|Any CPU
		{E6572AB6-B9FA-4D0A-93DD-0E7861911C94}.Debug|ARM64.Build.0 = Debug|Any CPU
		{E6572AB6-B9FA-4D0A-93DD-0E7861911C94}.Debug|x64.ActiveCfg = Debug|Any CPU
		{E6572AB6-B9FA-4D0A-93DD-0E7861911C94}.Debug|x64.Build.0 = Debug|Any CPU
		{E6572AB6-B9FA-4D0A-93DD-0E7861911C94}.Debug|x86.ActiveCfg = Debug|Any CPU
		{E6572AB6-B9FA-4D0A-93DD-0E7861911C94}.Debug|x86.Build.0 = Debug|Any CPU
		{E6572AB6-B9FA-4D0A-93DD-0E7861911C94}.Release|Any CPU.ActiveCfg = Release|Any CPU
		{E6572AB6-B9FA-4D0A-93DD-0E7861911C94}.Release|Any CPU.Build.0 = Release|Any CPU
		{E6572AB6-B9FA-4D0A-93DD-0E7861911C94}.Release|ARM.ActiveCfg = Release|Any CPU
		{E6572AB6-B9FA-4D0A-93DD-0E7861911C94}.Release|ARM.Build.0 = Release|Any CPU
		{E6572AB6-B9FA-4D0A-93DD-0E7861911C94}.Release|ARM64.ActiveCfg = Release|Any CPU
		{E6572AB6-B9FA-4D0A-93DD-0E7861911C94}.Release|ARM64.Build.0 = Release|Any CPU
		{E6572AB6-B9FA-4D0A-93DD-0E7861911C94}.Release|x64.ActiveCfg = Release|Any CPU
		{E6572AB6-B9FA-4D0A-93DD-0E7861911C94}.Release|x64.Build.0 = Release|Any CPU
		{E6572AB6-B9FA-4D0A-93DD-0E7861911C94}.Release|x86.ActiveCfg = Release|Any CPU
		{E6572AB6-B9FA-4D0A-93DD-0E7861911C94}.Release|x86.Build.0 = Release|Any CPU
		{0A11021A-623A-4339-A3EC-49A324F910C7}.Debug|Any CPU.ActiveCfg = Debug|Any CPU
		{0A11021A-623A-4339-A3EC-49A324F910C7}.Debug|Any CPU.Build.0 = Debug|Any CPU
		{0A11021A-623A-4339-A3EC-49A324F910C7}.Debug|ARM.ActiveCfg = Debug|Any CPU
		{0A11021A-623A-4339-A3EC-49A324F910C7}.Debug|ARM.Build.0 = Debug|Any CPU
		{0A11021A-623A-4339-A3EC-49A324F910C7}.Debug|ARM64.ActiveCfg = Debug|Any CPU
		{0A11021A-623A-4339-A3EC-49A324F910C7}.Debug|ARM64.Build.0 = Debug|Any CPU
		{0A11021A-623A-4339-A3EC-49A324F910C7}.Debug|x64.ActiveCfg = Debug|Any CPU
		{0A11021A-623A-4339-A3EC-49A324F910C7}.Debug|x64.Build.0 = Debug|Any CPU
		{0A11021A-623A-4339-A3EC-49A324F910C7}.Debug|x86.ActiveCfg = Debug|Any CPU
		{0A11021A-623A-4339-A3EC-49A324F910C7}.Debug|x86.Build.0 = Debug|Any CPU
		{0A11021A-623A-4339-A3EC-49A324F910C7}.Release|Any CPU.ActiveCfg = Release|Any CPU
		{0A11021A-623A-4339-A3EC-49A324F910C7}.Release|Any CPU.Build.0 = Release|Any CPU
		{0A11021A-623A-4339-A3EC-49A324F910C7}.Release|ARM.ActiveCfg = Release|Any CPU
		{0A11021A-623A-4339-A3EC-49A324F910C7}.Release|ARM.Build.0 = Release|Any CPU
		{0A11021A-623A-4339-A3EC-49A324F910C7}.Release|ARM64.ActiveCfg = Release|Any CPU
		{0A11021A-623A-4339-A3EC-49A324F910C7}.Release|ARM64.Build.0 = Release|Any CPU
		{0A11021A-623A-4339-A3EC-49A324F910C7}.Release|x64.ActiveCfg = Release|Any CPU
		{0A11021A-623A-4339-A3EC-49A324F910C7}.Release|x64.Build.0 = Release|Any CPU
		{0A11021A-623A-4339-A3EC-49A324F910C7}.Release|x86.ActiveCfg = Release|Any CPU
		{0A11021A-623A-4339-A3EC-49A324F910C7}.Release|x86.Build.0 = Release|Any CPU
		{E27D1754-13FA-421F-AD56-7EB2EFFA7BB2}.Debug|Any CPU.ActiveCfg = Debug|x86
		{E27D1754-13FA-421F-AD56-7EB2EFFA7BB2}.Debug|ARM.ActiveCfg = Debug|x86
		{E27D1754-13FA-421F-AD56-7EB2EFFA7BB2}.Debug|ARM64.ActiveCfg = Debug|arm64
		{E27D1754-13FA-421F-AD56-7EB2EFFA7BB2}.Debug|ARM64.Build.0 = Debug|arm64
		{E27D1754-13FA-421F-AD56-7EB2EFFA7BB2}.Debug|ARM64.Deploy.0 = Debug|arm64
		{E27D1754-13FA-421F-AD56-7EB2EFFA7BB2}.Debug|x64.ActiveCfg = Debug|x64
		{E27D1754-13FA-421F-AD56-7EB2EFFA7BB2}.Debug|x64.Build.0 = Debug|x64
		{E27D1754-13FA-421F-AD56-7EB2EFFA7BB2}.Debug|x64.Deploy.0 = Debug|x64
		{E27D1754-13FA-421F-AD56-7EB2EFFA7BB2}.Debug|x86.ActiveCfg = Debug|x86
		{E27D1754-13FA-421F-AD56-7EB2EFFA7BB2}.Debug|x86.Build.0 = Debug|x86
		{E27D1754-13FA-421F-AD56-7EB2EFFA7BB2}.Debug|x86.Deploy.0 = Debug|x86
		{E27D1754-13FA-421F-AD56-7EB2EFFA7BB2}.Release|Any CPU.ActiveCfg = Release|x86
		{E27D1754-13FA-421F-AD56-7EB2EFFA7BB2}.Release|ARM.ActiveCfg = Release|x86
		{E27D1754-13FA-421F-AD56-7EB2EFFA7BB2}.Release|ARM64.ActiveCfg = Release|arm64
		{E27D1754-13FA-421F-AD56-7EB2EFFA7BB2}.Release|ARM64.Build.0 = Release|arm64
		{E27D1754-13FA-421F-AD56-7EB2EFFA7BB2}.Release|ARM64.Deploy.0 = Release|arm64
		{E27D1754-13FA-421F-AD56-7EB2EFFA7BB2}.Release|x64.ActiveCfg = Release|x64
		{E27D1754-13FA-421F-AD56-7EB2EFFA7BB2}.Release|x64.Build.0 = Release|x64
		{E27D1754-13FA-421F-AD56-7EB2EFFA7BB2}.Release|x64.Deploy.0 = Release|x64
		{E27D1754-13FA-421F-AD56-7EB2EFFA7BB2}.Release|x86.ActiveCfg = Release|x86
		{E27D1754-13FA-421F-AD56-7EB2EFFA7BB2}.Release|x86.Build.0 = Release|x86
		{E27D1754-13FA-421F-AD56-7EB2EFFA7BB2}.Release|x86.Deploy.0 = Release|x86
	EndGlobalSection
	GlobalSection(SolutionProperties) = preSolution
		HideSolutionNode = FALSE
	EndGlobalSection
	GlobalSection(ExtensibilityGlobals) = postSolution
		SolutionGuid = {158DAF8C-80A2-4620-A0A5-A05C59ED4DAA}
	EndGlobalSection
EndGlobal
